
Microsoft Visual Studio Solution File, Format Version 12.00
# Visual Studio Version 17
VisualStudioVersion = 17.1.32228.430
MinimumVisualStudioVersion = 10.0.40219.1
Project("{FAE04EC0-301F-11D3-BF4B-00C04F79EFBC}") = "Specs", "Specs\Specs.csproj", "{AC1E5DD6-2FF0-46B3-94E1-E59CFD2C0E13}"
EndProject
Project("{FAE04EC0-301F-11D3-BF4B-00C04F79EFBC}") = "GDLibrary.Api", "GDLibrary.Api\GDLibrary.Api.csproj", "{038F99A0-610B-4B83-8C83-83FF7493B312}"
EndProject
Global
	GlobalSection(SolutionConfigurationPlatforms) = preSolution
		Debug|Any CPU = Debug|Any CPU
		Release|Any CPU = Release|Any CPU
	EndGlobalSection
	GlobalSection(ProjectConfigurationPlatforms) = postSolution
		{AC1E5DD6-2FF0-46B3-94E1-E59CFD2C0E13}.Debug|Any CPU.ActiveCfg = Debug|Any CPU
		{AC1E5DD6-2FF0-46B3-94E1-E59CFD2C0E13}.Debug|Any CPU.Build.0 = Debug|Any CPU
		{AC1E5DD6-2FF0-46B3-94E1-E59CFD2C0E13}.Release|Any CPU.ActiveCfg = Release|Any CPU
		{AC1E5DD6-2FF0-46B3-94E1-E59CFD2C0E13}.Release|Any CPU.Build.0 = Release|Any CPU
		{038F99A0-610B-4B83-8C83-83FF7493B312}.Debug|Any CPU.ActiveCfg = Debug|Any CPU
		{038F99A0-610B-4B83-8C83-83FF7493B312}.Debug|Any CPU.Build.0 = Debug|Any CPU
		{038F99A0-610B-4B83-8C83-83FF7493B312}.Release|Any CPU.ActiveCfg = Release|Any CPU
		{038F99A0-610B-4B83-8C83-83FF7493B312}.Release|Any CPU.Build.0 = Release|Any CPU
	EndGlobalSection
	GlobalSection(SolutionProperties) = preSolution
		HideSolutionNode = FALSE
	EndGlobalSection
	GlobalSection(ExtensibilityGlobals) = postSolution
		SolutionGuid = {30AFFAD3-7DC5-4B52-AA1C-4F9A39B3C1EA}
	EndGlobalSection
EndGlobal
